// !$*UTF8*$!
{
	archiveVersion = 1;
	classes = {
	};
	objectVersion = 46;
	objects = {

/* Begin PBXBuildFile section */
		C0B1A0AF1B86AC60004BB9FB /* main.m in Sources */ = {isa = PBXBuildFile; fileRef = C0B1A0AE1B86AC60004BB9FB /* main.m */; };
		C0B1A0B21B86AC60004BB9FB /* AppDelegate.m in Sources */ = {isa = PBXBuildFile; fileRef = C0B1A0B11B86AC60004BB9FB /* AppDelegate.m */; };
		C0B1A0B81B86AC60004BB9FB /* Main.storyboard in Resources */ = {isa = PBXBuildFile; fileRef = C0B1A0B61B86AC60004BB9FB /* Main.storyboard */; };
		C0B1A0BA1B86AC60004BB9FB /* Images.xcassets in Resources */ = {isa = PBXBuildFile; fileRef = C0B1A0B91B86AC60004BB9FB /* Images.xcassets */; };
		C0B1A0BD1B86AC60004BB9FB /* LaunchScreen.xib in Resources */ = {isa = PBXBuildFile; fileRef = C0B1A0BB1B86AC60004BB9FB /* LaunchScreen.xib */; };
		C0B1A0C91B86AC60004BB9FB /* MyPlistTests.m in Sources */ = {isa = PBXBuildFile; fileRef = C0B1A0C81B86AC60004BB9FB /* MyPlistTests.m */; };
		C0B1A0D41B86ACD2004BB9FB /* ViewController.m in Sources */ = {isa = PBXBuildFile; fileRef = C0B1A0D31B86ACD2004BB9FB /* ViewController.m */; };
/* End PBXBuildFile section */

/* Begin PBXContainerItemProxy section */
		C0B1A0C31B86AC60004BB9FB /* PBXContainerItemProxy */ = {
			isa = PBXContainerItemProxy;
			containerPortal = C0B1A0A11B86AC60004BB9FB /* Project object */;
			proxyType = 1;
			remoteGlobalIDString = C0B1A0A81B86AC60004BB9FB;
			remoteInfo = MyPlist;
		};
/* End PBXContainerItemProxy section */

/* Begin PBXFileReference section */
		C0B1A0A91B86AC60004BB9FB /* MyPlist.app */ = {isa = PBXFileReference; explicitFileType = wrapper.application; includeInIndex = 0; path = MyPlist.app; sourceTree = BUILT_PRODUCTS_DIR; };
		C0B1A0AD1B86AC60004BB9FB /* Info.plist */ = {isa = PBXFileReference; lastKnownFileType = text.plist.xml; path = Info.plist; sourceTree = "<group>"; };
		C0B1A0AE1B86AC60004BB9FB /* main.m */ = {isa = PBXFileReference; lastKnownFileType = sourcecode.c.objc; path = main.m; sourceTree = "<group>"; };
		C0B1A0B01B86AC60004BB9FB /* AppDelegate.h */ = {isa = PBXFileReference; lastKnownFileType = sourcecode.c.h; path = AppDelegate.h; sourceTree = "<group>"; };
		C0B1A0B11B86AC60004BB9FB /* AppDelegate.m */ = {isa = PBXFileReference; lastKnownFileType = sourcecode.c.objc; path = AppDelegate.m; sourceTree = "<group>"; };
		C0B1A0B71B86AC60004BB9FB /* Base */ = {isa = PBXFileReference; lastKnownFileType = file.storyboard; name = Base; path = Base.lproj/Main.storyboard; sourceTree = "<group>"; };
		C0B1A0B91B86AC60004BB9FB /* Images.xcassets */ = {isa = PBXFileReference; lastKnownFileType = folder.assetcatalog; path = Images.xcassets; sourceTree = "<group>"; };
		C0B1A0BC1B86AC60004BB9FB /* Base */ = {isa = PBXFileReference; lastKnownFileType = file.xib; name = Base; path = Base.lproj/LaunchScreen.xib; sourceTree = "<group>"; };
		C0B1A0C21B86AC60004BB9FB /* MyPlistTests.xctest */ = {isa = PBXFileReference; explicitFileType = wrapper.cfbundle; includeInIndex = 0; path = MyPlistTests.xctest; sourceTree = BUILT_PRODUCTS_DIR; };
		C0B1A0C71B86AC60004BB9FB /* Info.plist */ = {isa = PBXFileReference; lastKnownFileType = text.plist.xml; path = Info.plist; sourceTree = "<group>"; };
		C0B1A0C81B86AC60004BB9FB /* MyPlistTests.m */ = {isa = PBXFileReference; lastKnownFileType = sourcecode.c.objc; path = MyPlistTests.m; sourceTree = "<group>"; };
		C0B1A0D21B86ACD2004BB9FB /* ViewController.h */ = {isa = PBXFileReference; fileEncoding = 4; lastKnownFileType = sourcecode.c.h; path = ViewController.h; sourceTree = "<group>"; };
		C0B1A0D31B86ACD2004BB9FB /* ViewController.m */ = {isa = PBXFileReference; fileEncoding = 4; lastKnownFileType = sourcecode.c.objc; path = ViewController.m; sourceTree = "<group>"; };
/* End PBXFileReference section */

/* Begin PBXFrameworksBuildPhase section */
		C0B1A0A61B86AC60004BB9FB /* Frameworks */ = {
			isa = PBXFrameworksBuildPhase;
			buildActionMask = 2147483647;
			files = (
			);
			runOnlyForDeploymentPostprocessing = 0;
		};
		C0B1A0BF1B86AC60004BB9FB /* Frameworks */ = {
			isa = PBXFrameworksBuildPhase;
			buildActionMask = 2147483647;
			files = (
			);
			runOnlyForDeploymentPostprocessing = 0;
		};
/* End PBXFrameworksBuildPhase section */

/* Begin PBXGroup section */
		C0B1A0A01B86AC60004BB9FB = {
			isa = PBXGroup;
			children = (
				C0B1A0AB1B86AC60004BB9FB /* MyPlist */,
				C0B1A0C51B86AC60004BB9FB /* MyPlistTests */,
				C0B1A0AA1B86AC60004BB9FB /* Products */,
			);
			sourceTree = "<group>";
		};
		C0B1A0AA1B86AC60004BB9FB /* Products */ = {
			isa = PBXGroup;
			children = (
				C0B1A0A91B86AC60004BB9FB /* MyPlist.app */,
				C0B1A0C21B86AC60004BB9FB /* MyPlistTests.xctest */,
			);
			name = Products;
			sourceTree = "<group>";
		};
		C0B1A0AB1B86AC60004BB9FB /* MyPlist */ = {
			isa = PBXGroup;
			children = (
				C0B1A0B01B86AC60004BB9FB /* AppDelegate.h */,
				C0B1A0B11B86AC60004BB9FB /* AppDelegate.m */,
				C0B1A0B61B86AC60004BB9FB /* Main.storyboard */,
				C0B1A0D21B86ACD2004BB9FB /* ViewController.h */,
				C0B1A0D31B86ACD2004BB9FB /* ViewController.m */,
				C0B1A0B91B86AC60004BB9FB /* Images.xcassets */,
				C0B1A0BB1B86AC60004BB9FB /* LaunchScreen.xib */,
				C0B1A0AC1B86AC60004BB9FB /* Supporting Files */,
			);
			path = MyPlist;
			sourceTree = "<group>";
		};
		C0B1A0AC1B86AC60004BB9FB /* Supporting Files */ = {
			isa = PBXGroup;
			children = (
				C0B1A0AD1B86AC60004BB9FB /* Info.plist */,
				C0B1A0AE1B86AC60004BB9FB /* main.m */,
			);
			name = "Supporting Files";
			sourceTree = "<group>";
		};
		C0B1A0C51B86AC60004BB9FB /* MyPlistTests */ = {
			isa = PBXGroup;
			children = (
				C0B1A0C81B86AC60004BB9FB /* MyPlistTests.m */,
				C0B1A0C61B86AC60004BB9FB /* Supporting Files */,
			);
			path = MyPlistTests;
			sourceTree = "<group>";
		};
		C0B1A0C61B86AC60004BB9FB /* Supporting Files */ = {
			isa = PBXGroup;
			children = (
				C0B1A0C71B86AC60004BB9FB /* Info.plist */,
			);
			name = "Supporting Files";
			sourceTree = "<group>";
		};
/* End PBXGroup section */

/* Begin PBXNativeTarget section */
		C0B1A0A81B86AC60004BB9FB /* MyPlist */ = {
			isa = PBXNativeTarget;
			buildConfigurationList = C0B1A0CC1B86AC60004BB9FB /* Build configuration list for PBXNativeTarget "MyPlist" */;
			buildPhases = (
				C0B1A0A51B86AC60004BB9FB /* Sources */,
				C0B1A0A61B86AC60004BB9FB /* Frameworks */,
				C0B1A0A71B86AC60004BB9FB /* Resources */,
			);
			buildRules = (
			);
			dependencies = (
			);
			name = MyPlist;
			productName = MyPlist;
			productReference = C0B1A0A91B86AC60004BB9FB /* MyPlist.app */;
			productType = "com.apple.product-type.application";
		};
		C0B1A0C11B86AC60004BB9FB /* MyPlistTests */ = {
			isa = PBXNativeTarget;
			buildConfigurationList = C0B1A0CF1B86AC60004BB9FB /* Build configuration list for PBXNativeTarget "MyPlistTests" */;
			buildPhases = (
				C0B1A0BE1B86AC60004BB9FB /* Sources */,
				C0B1A0BF1B86AC60004BB9FB /* Frameworks */,
				C0B1A0C01B86AC60004BB9FB /* Resources */,
			);
			buildRules = (
			);
			dependencies = (
				C0B1A0C41B86AC60004BB9FB /* PBXTargetDependency */,
			);
			name = MyPlistTests;
			productName = MyPlistTests;
			productReference = C0B1A0C21B86AC60004BB9FB /* MyPlistTests.xctest */;
			productType = "com.apple.product-type.bundle.unit-test";
		};
/* End PBXNativeTarget section */

/* Begin PBXProject section */
		C0B1A0A11B86AC60004BB9FB /* Project object */ = {
			isa = PBXProject;
			attributes = {
				LastUpgradeCheck = 0620;
				ORGANIZATIONNAME = ChinaCloud;
				TargetAttributes = {
					C0B1A0A81B86AC60004BB9FB = {
						CreatedOnToolsVersion = 6.2;
					};
					C0B1A0C11B86AC60004BB9FB = {
						CreatedOnToolsVersion = 6.2;
						TestTargetID = C0B1A0A81B86AC60004BB9FB;
					};
				};
			};
			buildConfigurationList = C0B1A0A41B86AC60004BB9FB /* Build configuration list for PBXProject "MyPlist" */;
			compatibilityVersion = "Xcode 3.2";
			developmentRegion = English;
			hasScannedForEncodings = 0;
			knownRegions = (
				en,
				Base,
			);
			mainGroup = C0B1A0A01B86AC60004BB9FB;
			productRefGroup = C0B1A0AA1B86AC60004BB9FB /* Products */;
			projectDirPath = "";
			projectRoot = "";
			targets = (
				C0B1A0A81B86AC60004BB9FB /* MyPlist */,
				C0B1A0C11B86AC60004BB9FB /* MyPlistTests */,
			);
		};
/* End PBXProject section */

/* Begin PBXResourcesBuildPhase section */
		C0B1A0A71B86AC60004BB9FB /* Resources */ = {
			isa = PBXResourcesBuildPhase;
			buildActionMask = 2147483647;
			files = (
				C0B1A0B81B86AC60004BB9FB /* Main.storyboard in Resources */,
				C0B1A0BD1B86AC60004BB9FB /* LaunchScreen.xib in Resources */,
				C0B1A0BA1B86AC60004BB9FB /* Images.xcassets in Resources */,
			);
			runOnlyForDeploymentPostprocessing = 0;
		};
		C0B1A0C01B86AC60004BB9FB /* Resources */ = {
			isa = PBXResourcesBuildPhase;
			buildActionMask = 2147483647;
			files = (
			);
			runOnlyForDeploymentPostprocessing = 0;
		};
/* End PBXResourcesBuildPhase section */

/* Begin PBXSourcesBuildPhase section */
		C0B1A0A51B86AC60004BB9FB /* Sources */ = {
			isa = PBXSourcesBuildPhase;
			buildActionMask = 2147483647;
			files = (
				C0B1A0D41B86ACD2004BB9FB /* ViewController.m in Sources */,
				C0B1A0B21B86AC60004BB9FB /* AppDelegate.m in Sources */,
				C0B1A0AF1B86AC60004BB9FB /* main.m in Sources */,
			);
			runOnlyForDeploymentPostprocessing = 0;
		};
		C0B1A0BE1B86AC60004BB9FB /* Sources */ = {
			isa = PBXSourcesBuildPhase;
			buildActionMask = 2147483647;
			files = (
				C0B1A0C91B86AC60004BB9FB /* MyPlistTests.m in Sources */,
			);
			runOnlyForDeploymentPostprocessing = 0;
		};
/* End PBXSourcesBuildPhase section */

/* Begin PBXTargetDependency section */
		C0B1A0C41B86AC60004BB9FB /* PBXTargetDependency */ = {
			isa = PBXTargetDependency;
			target = C0B1A0A81B86AC60004BB9FB /* MyPlist */;
			targetProxy = C0B1A0C31B86AC60004BB9FB /* PBXContainerItemProxy */;
		};
/* End PBXTargetDependency section */

/* Begin PBXVariantGroup section */
		C0B1A0B61B86AC60004BB9FB /* Main.storyboard */ = {
			isa = PBXVariantGroup;
			children = (
				C0B1A0B71B86AC60004BB9FB /* Base */,
			);
			name = Main.storyboard;
			sourceTree = "<group>";
		};
		C0B1A0BB1B86AC60004BB9FB /* LaunchScreen.xib */ = {
			isa = PBXVariantGroup;
			children = (
				C0B1A0BC1B86AC60004BB9FB /* Base */,
			);
			name = LaunchScreen.xib;
			sourceTree = "<group>";
		};
/* End PBXVariantGroup section */

/* Begin XCBuildConfiguration section */
		C0B1A0CA1B86AC60004BB9FB /* Debug */ = {
			isa = XCBuildConfiguration;
			buildSettings = {
				ALWAYS_SEARCH_USER_PATHS = NO;
				CLANG_CXX_LANGUAGE_STANDARD = "gnu++0x";
				CLANG_CXX_LIBRARY = "libc++";
				CLANG_ENABLE_MODULES = YES;
				CLANG_ENABLE_OBJC_ARC = YES;
				CLANG_WARN_BOOL_CONVERSION = YES;
				CLANG_WARN_CONSTANT_CONVERSION = YES;
				CLANG_WARN_DIRECT_OBJC_ISA_USAGE = YES_ERROR;
				CLANG_WARN_EMPTY_BODY = YES;
				CLANG_WARN_ENUM_CONVERSION = YES;
				CLANG_WARN_INT_CONVERSION = YES;
				CLANG_WARN_OBJC_ROOT_CLASS = YES_ERROR;
				CLANG_WARN_UNREACHABLE_CODE = YES;
				CLANG_WARN__DUPLICATE_METHOD_MATCH = YES;
				"CODE_SIGN_IDENTITY[sdk=iphoneos*]" = "iPhone Developer";
				COPY_PHASE_STRIP = NO;
				ENABLE_STRICT_OBJC_MSGSEND = YES;
				GCC_C_LANGUAGE_STANDARD = gnu99;
				GCC_DYNAMIC_NO_PIC = NO;
				GCC_OPTIMIZATION_LEVEL = 0;
				GCC_PREPROCESSOR_DEFINITIONS = (
					"DEBUG=1",
					"$(inherited)",
				);
				GCC_SYMBOLS_PRIVATE_EXTERN = NO;
				GCC_WARN_64_TO_32_BIT_CONVERSION = YES;
				GCC_WARN_ABOUT_RETURN_TYPE = YES_ERROR;
				GCC_WARN_UNDECLARED_SELECTOR = YES;
				GCC_WARN_UNINITIALIZED_AUTOS = YES_AGGRESSIVE;
				GCC_WARN_UNUSED_FUNCTION = YES;
				GCC_WARN_UNUSED_VARIABLE = YES;
				IPHONEOS_DEPLOYMENT_TARGET = 8.2;
				MTL_ENABLE_DEBUG_INFO = YES;
				ONLY_ACTIVE_ARCH = YES;
				SDKROOT = iphoneos;
				TARGETED_DEVICE_FAMILY = "1,2";
			};
			name = Debug;
		};
		C0B1A0CB1B86AC60004BB9FB /* Release */ = {
			isa = XCBuildConfiguration;
			buildSettings = {
				ALWAYS_SEARCH_USER_PATHS = NO;
				CLANG_CXX_LANGUAGE_STANDARD = "gnu++0x";
				CLANG_CXX_LIBRARY = "libc++";
				CLANG_ENABLE_MODULES = YES;
				CLANG_ENABLE_OBJC_ARC = YES;
				CLANG_WARN_BOOL_CONVERSION = YES;
				CLANG_WARN_CONSTANT_CONVERSION = YES;
				CLANG_WARN_DIRECT_OBJC_ISA_USAGE = YES_ERROR;
				CLANG_WARN_EMPTY_BODY = YES;
				CLANG_WARN_ENUM_CONVERSION = YES;
				CLANG_WARN_INT_CONVERSION = YES;
				CLANG_WARN_OBJC_ROOT_CLASS = YES_ERROR;
				CLANG_WARN_UNREACHABLE_CODE = YES;
				CLANG_WARN__DUPLICATE_METHOD_MATCH = YES;
				"CODE_SIGN_IDENTITY[sdk=iphoneos*]" = "iPhone Developer";
				COPY_PHASE_STRIP = NO;
				ENABLE_NS_ASSERTIONS = NO;
				ENABLE_STRICT_OBJC_MSGSEND = YES;
				GCC_C_LANGUAGE_STANDARD = gnu99;
				GCC_WARN_64_TO_32_BIT_CONVERSION = YES;
				GCC_WARN_ABOUT_RETURN_TYPE = YES_ERROR;
				GCC_WARN_UNDECLARED_SELECTOR = YES;
				GCC_WARN_UNINITIALIZED_AUTOS = YES_AGGRESSIVE;
				GCC_WARN_UNUSED_FUNCTION = YES;
				GCC_WARN_UNUSED_VARIABLE = YES;
				IPHONEOS_DEPLOYMENT_TARGET = 8.2;
				MTL_ENABLE_DEBUG_INFO = NO;
				SDKROOT = iphoneos;
				TARGETED_DEVICE_FAMILY = "1,2";
				VALIDATE_PRODUCT = YES;
			};
			name = Release;
		};
		C0B1A0CD1B86AC60004BB9FB /* Debug */ = {
			isa = XCBuildConfiguration;
			buildSettings = {
				ASSETCATALOG_COMPILER_APPICON_NAME = AppIcon;
				INFOPLIST_FILE = MyPlist/Info.plist;
				LD_RUNPATH_SEARCH_PATHS = "$(inherited) @executable_path/Frameworks";
				PRODUCT_NAME = "$(TARGET_NAME)";
			};
			name = Debug;
		};
		C0B1A0CE1B86AC60004BB9FB /* Release */ = {
			isa = XCBuildConfiguration;
			buildSettings = {
				ASSETCATALOG_COMPILER_APPICON_NAME = AppIcon;
				INFOPLIST_FILE = MyPlist/Info.plist;
				LD_RUNPATH_SEARCH_PATHS = "$(inherited) @executable_path/Frameworks";
				PRODUCT_NAME = "$(TARGET_NAME)";
			};
			name = Release;
		};
		C0B1A0D01B86AC60004BB9FB /* Debug */ = {
			isa = XCBuildConfiguration;
			buildSettings = {
				BUNDLE_LOADER = "$(TEST_HOST)";
				FRAMEWORK_SEARCH_PATHS = (
					"$(SDKROOT)/Developer/Library/Frameworks",
					"$(inherited)",
				);
				GCC_PREPROCESSOR_DEFINITIONS = (
					"DEBUG=1",
					"$(inherited)",
				);
				INFOPLIST_FILE = MyPlistTests/Info.plist;
				LD_RUNPATH_SEARCH_PATHS = "$(inherited) @executable_path/Frameworks @loader_path/Frameworks";
				PRODUCT_NAME = "$(TARGET_NAME)";
				TEST_HOST = "$(BUILT_PRODUCTS_DIR)/MyPlist.app/MyPlist";
			};
			name = Debug;
		};
		C0B1A0D11B86AC60004BB9FB /* Release */ = {
			isa = XCBuildConfiguration;
			buildSettings = {
				BUNDLE_LOADER = "$(TEST_HOST)";
				FRAMEWORK_SEARCH_PATHS = (
					"$(SDKROOT)/Developer/Library/Frameworks",
					"$(inherited)",
				);
				INFOPLIST_FILE = MyPlistTests/Info.plist;
				LD_RUNPATH_SEARCH_PATHS = "$(inherited) @executable_path/Frameworks @loader_path/Frameworks";
				PRODUCT_NAME = "$(TARGET_NAME)";
				TEST_HOST = "$(BUILT_PRODUCTS_DIR)/MyPlist.app/MyPlist";
			};
			name = Release;
		};
/* End XCBuildConfiguration section */

/* Begin XCConfigurationList section */
		C0B1A0A41B86AC60004BB9FB /* Build configuration list for PBXProject "MyPlist" */ = {
			isa = XCConfigurationList;
			buildConfigurations = (
				C0B1A0CA1B86AC60004BB9FB /* Debug */,
				C0B1A0CB1B86AC60004BB9FB /* Release */,
			);
			defaultConfigurationIsVisible = 0;
			defaultConfigurationName = Release;
		};
		C0B1A0CC1B86AC60004BB9FB /* Build configuration list for PBXNativeTarget "MyPlist" */ = {
			isa = XCConfigurationList;
			buildConfigurations = (
				C0B1A0CD1B86AC60004BB9FB /* Debug */,
				C0B1A0CE1B86AC60004BB9FB /* Release */,
			);
			defaultConfigurationIsVisible = 0;
		};
		C0B1A0CF1B86AC60004BB9FB /* Build configuration list for PBXNativeTarget "MyPlistTests" */ = {
			isa = XCConfigurationList;
			buildConfigurations = (
				C0B1A0D01B86AC60004BB9FB /* Debug */,
				C0B1A0D11B86AC60004BB9FB /* Release */,
			);
			defaultConfigurationIsVisible = 0;
		};
/* End XCConfigurationList section */
	};
	rootObject = C0B1A0A11B86AC60004BB9FB /* Project object */;
}
